
Microsoft Visual Studio Solution File, Format Version 12.00
# Visual Studio Version 16
VisualStudioVersion = 16.0.30011.22
MinimumVisualStudioVersion = 10.0.40219.1
Project("{FAE04EC0-301F-11D3-BF4B-00C04F79EFBC}") = "Careoplane", "Careoplane\Careoplane.csproj", "{80E87D57-2E7D-49EB-8115-5EA4D3962E11}"
EndProject
Global
	GlobalSection(SolutionConfigurationPlatforms) = preSolution
		Debug|Any CPU = Debug|Any CPU
		Release|Any CPU = Release|Any CPU
	EndGlobalSection
	GlobalSection(ProjectConfigurationPlatforms) = postSolution
		{80E87D57-2E7D-49EB-8115-5EA4D3962E11}.Debug|Any CPU.ActiveCfg = Debug|Any CPU
		{80E87D57-2E7D-49EB-8115-5EA4D3962E11}.Debug|Any CPU.Build.0 = Debug|Any CPU
		{80E87D57-2E7D-49EB-8115-5EA4D3962E11}.Release|Any CPU.ActiveCfg = Release|Any CPU
		{80E87D57-2E7D-49EB-8115-5EA4D3962E11}.Release|Any CPU.Build.0 = Release|Any CPU
	EndGlobalSection
	GlobalSection(SolutionProperties) = preSolution
		HideSolutionNode = FALSE
	EndGlobalSection
	GlobalSection(ExtensibilityGlobals) = postSolution
		SolutionGuid = {F8C2EE75-734C-4525-82B4-1CDDE703D5A7}
	EndGlobalSection
EndGlobal
